
Microsoft Visual Studio Solution File, Format Version 12.00
# Visual Studio Version 16
VisualStudioVersion = 16.0.29806.167
MinimumVisualStudioVersion = 10.0.40219.1
Project("{FAE04EC0-301F-11D3-BF4B-00C04F79EFBC}") = "ConsoleTests", "ConsoleTests\ConsoleTests.csproj", "{C248F1FD-6068-41DF-B41A-F9CA535596AC}"
EndProject
Project("{2150E333-8FDC-42A3-9474-1A3956D46DE8}") = "Infrastructure", "Infrastructure", "{DBD19DA0-CB35-4232-98CC-B10E3F05B8CE}"
EndProject
Project("{2150E333-8FDC-42A3-9474-1A3956D46DE8}") = "Domain", "Domain", "{9F751FB9-4FAC-4A23-9A08-6D048B702279}"
EndProject
Project("{2150E333-8FDC-42A3-9474-1A3956D46DE8}") = "Presentation", "Presentation", "{C07D868E-EBD2-4E6A-B298-36AAB3BF25DF}"
EndProject
Project("{FAE04EC0-301F-11D3-BF4B-00C04F79EFBC}") = "AppVersionControl.Domain", "AppVersionControl.Domain\AppVersionControl.Domain.csproj", "{F1E8138D-4615-4BEC-8294-8D0082BFD643}"
EndProject
Project("{FAE04EC0-301F-11D3-BF4B-00C04F79EFBC}") = "AppVersionControl.Infrastructure", "AppVersionControl.Infrastructure\AppVersionControl.Infrastructure.csproj", "{7E24F827-F847-4594-B0E7-21468DB21D01}"
EndProject
Project("{FAE04EC0-301F-11D3-BF4B-00C04F79EFBC}") = "DB.SQLite", "DB.SQLite\DB.SQLite.csproj", "{E0F0E0A3-A67B-45F6-8754-9098F801DBC1}"
EndProject
Project("{FAE04EC0-301F-11D3-BF4B-00C04F79EFBC}") = "Client", "WpfApp1\Client.csproj", "{E96A4276-E4C2-4986-B591-72B0AC711B0D}"
EndProject
Project("{2150E333-8FDC-42A3-9474-1A3956D46DE8}") = "Aplication", "Aplication", "{65D7CDC9-13DC-4A60-9C5D-DA2384413BCA}"
EndProject
Project("{FAE04EC0-301F-11D3-BF4B-00C04F79EFBC}") = "AppVersionControlServices", "AppVersionControlServices\AppVersionControlServices.csproj", "{96CAEAA9-5484-40F9-A9F4-7C2B81CA1EA7}"
EndProject
Project("{FAE04EC0-301F-11D3-BF4B-00C04F79EFBC}") = "AdminClient", "AdminClient\AdminClient.csproj", "{044A9A73-C2CA-4747-BE56-2B6520A45E1F}"
EndProject
Project("{FAE04EC0-301F-11D3-BF4B-00C04F79EFBC}") = "ServerSQLite", "ServerSQLite\ServerSQLite.csproj", "{F39CE558-CC42-4276-9698-FD98A1F493E0}"
EndProject
Project("{9A19103F-16F7-4668-BE54-9A1E7A4F7556}") = "NUnitTestProject", "NUnitTestProject1\NUnitTestProject.csproj", "{C832A3C7-01DE-449B-BBE4-842C7A3A28D2}"
EndProject
Project("{FAE04EC0-301F-11D3-BF4B-00C04F79EFBC}") = "ServerDBSQL", "ServerDBSQL\ServerDBSQL.csproj", "{79EF984A-3FED-4783-A2FF-3C8813B2F813}"
EndProject
Global
	GlobalSection(SolutionConfigurationPlatforms) = preSolution
		Debug|Any CPU = Debug|Any CPU
		Release|Any CPU = Release|Any CPU
	EndGlobalSection
	GlobalSection(ProjectConfigurationPlatforms) = postSolution
		{C248F1FD-6068-41DF-B41A-F9CA535596AC}.Debug|Any CPU.ActiveCfg = Debug|Any CPU
		{C248F1FD-6068-41DF-B41A-F9CA535596AC}.Debug|Any CPU.Build.0 = Debug|Any CPU
		{C248F1FD-6068-41DF-B41A-F9CA535596AC}.Release|Any CPU.ActiveCfg = Release|Any CPU
		{C248F1FD-6068-41DF-B41A-F9CA535596AC}.Release|Any CPU.Build.0 = Release|Any CPU
		{F1E8138D-4615-4BEC-8294-8D0082BFD643}.Debug|Any CPU.ActiveCfg = Debug|Any CPU
		{F1E8138D-4615-4BEC-8294-8D0082BFD643}.Debug|Any CPU.Build.0 = Debug|Any CPU
		{F1E8138D-4615-4BEC-8294-8D0082BFD643}.Release|Any CPU.ActiveCfg = Release|Any CPU
		{F1E8138D-4615-4BEC-8294-8D0082BFD643}.Release|Any CPU.Build.0 = Release|Any CPU
		{7E24F827-F847-4594-B0E7-21468DB21D01}.Debug|Any CPU.ActiveCfg = Debug|Any CPU
		{7E24F827-F847-4594-B0E7-21468DB21D01}.Debug|Any CPU.Build.0 = Debug|Any CPU
		{7E24F827-F847-4594-B0E7-21468DB21D01}.Release|Any CPU.ActiveCfg = Release|Any CPU
		{7E24F827-F847-4594-B0E7-21468DB21D01}.Release|Any CPU.Build.0 = Release|Any CPU
		{E0F0E0A3-A67B-45F6-8754-9098F801DBC1}.Debug|Any CPU.ActiveCfg = Debug|Any CPU
		{E0F0E0A3-A67B-45F6-8754-9098F801DBC1}.Debug|Any CPU.Build.0 = Debug|Any CPU
		{E0F0E0A3-A67B-45F6-8754-9098F801DBC1}.Release|Any CPU.ActiveCfg = Release|Any CPU
		{E0F0E0A3-A67B-45F6-8754-9098F801DBC1}.Release|Any CPU.Build.0 = Release|Any CPU
		{E96A4276-E4C2-4986-B591-72B0AC711B0D}.Debug|Any CPU.ActiveCfg = Debug|Any CPU
		{E96A4276-E4C2-4986-B591-72B0AC711B0D}.Debug|Any CPU.Build.0 = Debug|Any CPU
		{E96A4276-E4C2-4986-B591-72B0AC711B0D}.Release|Any CPU.ActiveCfg = Release|Any CPU
		{E96A4276-E4C2-4986-B591-72B0AC711B0D}.Release|Any CPU.Build.0 = Release|Any CPU
		{96CAEAA9-5484-40F9-A9F4-7C2B81CA1EA7}.Debug|Any CPU.ActiveCfg = Debug|Any CPU
		{96CAEAA9-5484-40F9-A9F4-7C2B81CA1EA7}.Debug|Any CPU.Build.0 = Debug|Any CPU
		{96CAEAA9-5484-40F9-A9F4-7C2B81CA1EA7}.Release|Any CPU.ActiveCfg = Release|Any CPU
		{96CAEAA9-5484-40F9-A9F4-7C2B81CA1EA7}.Release|Any CPU.Build.0 = Release|Any CPU
		{044A9A73-C2CA-4747-BE56-2B6520A45E1F}.Debug|Any CPU.ActiveCfg = Debug|Any CPU
		{044A9A73-C2CA-4747-BE56-2B6520A45E1F}.Debug|Any CPU.Build.0 = Debug|Any CPU
		{044A9A73-C2CA-4747-BE56-2B6520A45E1F}.Release|Any CPU.ActiveCfg = Release|Any CPU
		{044A9A73-C2CA-4747-BE56-2B6520A45E1F}.Release|Any CPU.Build.0 = Release|Any CPU
		{F39CE558-CC42-4276-9698-FD98A1F493E0}.Debug|Any CPU.ActiveCfg = Debug|Any CPU
		{F39CE558-CC42-4276-9698-FD98A1F493E0}.Debug|Any CPU.Build.0 = Debug|Any CPU
		{F39CE558-CC42-4276-9698-FD98A1F493E0}.Release|Any CPU.ActiveCfg = Release|Any CPU
		{F39CE558-CC42-4276-9698-FD98A1F493E0}.Release|Any CPU.Build.0 = Release|Any CPU
		{C832A3C7-01DE-449B-BBE4-842C7A3A28D2}.Debug|Any CPU.ActiveCfg = Debug|Any CPU
		{C832A3C7-01DE-449B-BBE4-842C7A3A28D2}.Debug|Any CPU.Build.0 = Debug|Any CPU
		{C832A3C7-01DE-449B-BBE4-842C7A3A28D2}.Release|Any CPU.ActiveCfg = Release|Any CPU
		{C832A3C7-01DE-449B-BBE4-842C7A3A28D2}.Release|Any CPU.Build.0 = Release|Any CPU
		{79EF984A-3FED-4783-A2FF-3C8813B2F813}.Debug|Any CPU.ActiveCfg = Debug|Any CPU
		{79EF984A-3FED-4783-A2FF-3C8813B2F813}.Debug|Any CPU.Build.0 = Debug|Any CPU
		{79EF984A-3FED-4783-A2FF-3C8813B2F813}.Release|Any CPU.ActiveCfg = Release|Any CPU
		{79EF984A-3FED-4783-A2FF-3C8813B2F813}.Release|Any CPU.Build.0 = Release|Any CPU
	EndGlobalSection
	GlobalSection(SolutionProperties) = preSolution
		HideSolutionNode = FALSE
	EndGlobalSection
	GlobalSection(NestedProjects) = preSolution
		{F1E8138D-4615-4BEC-8294-8D0082BFD643} = {9F751FB9-4FAC-4A23-9A08-6D048B702279}
		{7E24F827-F847-4594-B0E7-21468DB21D01} = {DBD19DA0-CB35-4232-98CC-B10E3F05B8CE}
		{E0F0E0A3-A67B-45F6-8754-9098F801DBC1} = {DBD19DA0-CB35-4232-98CC-B10E3F05B8CE}
		{E96A4276-E4C2-4986-B591-72B0AC711B0D} = {C07D868E-EBD2-4E6A-B298-36AAB3BF25DF}
		{96CAEAA9-5484-40F9-A9F4-7C2B81CA1EA7} = {65D7CDC9-13DC-4A60-9C5D-DA2384413BCA}
		{044A9A73-C2CA-4747-BE56-2B6520A45E1F} = {C07D868E-EBD2-4E6A-B298-36AAB3BF25DF}
		{F39CE558-CC42-4276-9698-FD98A1F493E0} = {DBD19DA0-CB35-4232-98CC-B10E3F05B8CE}
		{79EF984A-3FED-4783-A2FF-3C8813B2F813} = {C07D868E-EBD2-4E6A-B298-36AAB3BF25DF}
	EndGlobalSection
	GlobalSection(ExtensibilityGlobals) = postSolution
		SolutionGuid = {77DC5D51-FE8D-4155-B85E-40046CB206AA}
	EndGlobalSection
EndGlobal
